// !$*UTF8*$!
{
	archiveVersion = 1;
	classes = {
	};
	objectVersion = 55;
	objects = {

/* Begin PBXBuildFile section */
		F54BC81B284D0F16006711CD /* NavigationInSwiftUIApp.swift in Sources */ = {isa = PBXBuildFile; fileRef = F54BC81A284D0F16006711CD /* NavigationInSwiftUIApp.swift */; };
		F54BC81F284D0F16006711CD /* Assets.xcassets in Resources */ = {isa = PBXBuildFile; fileRef = F54BC81E284D0F16006711CD /* Assets.xcassets */; };
		F54BC822284D0F16006711CD /* Preview Assets.xcassets in Resources */ = {isa = PBXBuildFile; fileRef = F54BC821284D0F16006711CD /* Preview Assets.xcassets */; };
		F54BC82C284D0F16006711CD /* NavigationInSwiftUITests.swift in Sources */ = {isa = PBXBuildFile; fileRef = F54BC82B284D0F16006711CD /* NavigationInSwiftUITests.swift */; };
		F54BC836284D0F16006711CD /* NavigationInSwiftUIUITests.swift in Sources */ = {isa = PBXBuildFile; fileRef = F54BC835284D0F16006711CD /* NavigationInSwiftUIUITests.swift */; };
		F54BC838284D0F16006711CD /* NavigationInSwiftUIUITestsLaunchTests.swift in Sources */ = {isa = PBXBuildFile; fileRef = F54BC837284D0F16006711CD /* NavigationInSwiftUIUITestsLaunchTests.swift */; };
		F587E5DB284F8309005D1A99 /* FlowStacks in Frameworks */ = {isa = PBXBuildFile; productRef = F587E5DA284F8309005D1A99 /* FlowStacks */; };
		F587E5DD284FDB98005D1A99 /* AppCoordinator.swift in Sources */ = {isa = PBXBuildFile; fileRef = F587E5DC284FDB98005D1A99 /* AppCoordinator.swift */; };
		F587E5DF284FDC8F005D1A99 /* OnboardingCoordinator.swift in Sources */ = {isa = PBXBuildFile; fileRef = F587E5DE284FDC8F005D1A99 /* OnboardingCoordinator.swift */; };
		F587E5E1284FDCB1005D1A99 /* SignedInCoordinator.swift in Sources */ = {isa = PBXBuildFile; fileRef = F587E5E0284FDCB1005D1A99 /* SignedInCoordinator.swift */; };
		F587E5E5284FE06C005D1A99 /* WelcomeView.swift in Sources */ = {isa = PBXBuildFile; fileRef = F587E5E4284FE06C005D1A99 /* WelcomeView.swift */; };
		F587E5E7284FE095005D1A99 /* WelcomeViewModel.swift in Sources */ = {isa = PBXBuildFile; fileRef = F587E5E6284FE095005D1A99 /* WelcomeViewModel.swift */; };
		F587E5E9284FE0B1005D1A99 /* TermsOfServiceViewModel.swift in Sources */ = {isa = PBXBuildFile; fileRef = F587E5E8284FE0B1005D1A99 /* TermsOfServiceViewModel.swift */; };
		F587E5EB284FE0B8005D1A99 /* TermsOfServiceView.swift in Sources */ = {isa = PBXBuildFile; fileRef = F587E5EA284FE0B8005D1A99 /* TermsOfServiceView.swift */; };
		F587E5ED284FE0C4005D1A99 /* CredentialsViewModel.swift in Sources */ = {isa = PBXBuildFile; fileRef = F587E5EC284FE0C4005D1A99 /* CredentialsViewModel.swift */; };
		F587E5EF284FE0CF005D1A99 /* CredentialsView.swift in Sources */ = {isa = PBXBuildFile; fileRef = F587E5EE284FE0CE005D1A99 /* CredentialsView.swift */; };
		F587E5F4284FE115005D1A99 /* PersonalInfoView.swift in Sources */ = {isa = PBXBuildFile; fileRef = F587E5F3284FE115005D1A99 /* PersonalInfoView.swift */; };
		F587E5F6284FE120005D1A99 /* PersonalInfoViewModel.swift in Sources */ = {isa = PBXBuildFile; fileRef = F587E5F5284FE120005D1A99 /* PersonalInfoViewModel.swift */; };
		F587E5F8284FE13B005D1A99 /* NewPinView.swift in Sources */ = {isa = PBXBuildFile; fileRef = F587E5F7284FE13B005D1A99 /* NewPinView.swift */; };
		F587E5FB284FE14C005D1A99 /* NewPinViewModel.swift in Sources */ = {isa = PBXBuildFile; fileRef = F587E5FA284FE14C005D1A99 /* NewPinViewModel.swift */; };
		F587E5FF284FE196005D1A99 /* ConfirmPinView.swift in Sources */ = {isa = PBXBuildFile; fileRef = F587E5FE284FE196005D1A99 /* ConfirmPinView.swift */; };
		F587E601284FE1A0005D1A99 /* ConfirmPinViewModel.swift in Sources */ = {isa = PBXBuildFile; fileRef = F587E600284FE1A0005D1A99 /* ConfirmPinViewModel.swift */; };
		F587E605284FE925005D1A99 /* MainView.swift in Sources */ = {isa = PBXBuildFile; fileRef = F587E604284FE925005D1A99 /* MainView.swift */; };
		F587E607284FE935005D1A99 /* MainViewModel.swift in Sources */ = {isa = PBXBuildFile; fileRef = F587E606284FE935005D1A99 /* MainViewModel.swift */; };
/* End PBXBuildFile section */

/* Begin PBXContainerItemProxy section */
		F54BC828284D0F16006711CD /* PBXContainerItemProxy */ = {
			isa = PBXContainerItemProxy;
			containerPortal = F54BC80F284D0F16006711CD /* Project object */;
			proxyType = 1;
			remoteGlobalIDString = F54BC816284D0F16006711CD;
			remoteInfo = NavigationInSwiftUI;
		};
		F54BC832284D0F16006711CD /* PBXContainerItemProxy */ = {
			isa = PBXContainerItemProxy;
			containerPortal = F54BC80F284D0F16006711CD /* Project object */;
			proxyType = 1;
			remoteGlobalIDString = F54BC816284D0F16006711CD;
			remoteInfo = NavigationInSwiftUI;
		};
/* End PBXContainerItemProxy section */

/* Begin PBXFileReference section */
		F54BC817284D0F16006711CD /* NavigationInSwiftUI.app */ = {isa = PBXFileReference; explicitFileType = wrapper.application; includeInIndex = 0; path = NavigationInSwiftUI.app; sourceTree = BUILT_PRODUCTS_DIR; };
		F54BC81A284D0F16006711CD /* NavigationInSwiftUIApp.swift */ = {isa = PBXFileReference; lastKnownFileType = sourcecode.swift; path = NavigationInSwiftUIApp.swift; sourceTree = "<group>"; };
		F54BC81E284D0F16006711CD /* Assets.xcassets */ = {isa = PBXFileReference; lastKnownFileType = folder.assetcatalog; path = Assets.xcassets; sourceTree = "<group>"; };
		F54BC821284D0F16006711CD /* Preview Assets.xcassets */ = {isa = PBXFileReference; lastKnownFileType = folder.assetcatalog; path = "Preview Assets.xcassets"; sourceTree = "<group>"; };
		F54BC827284D0F16006711CD /* NavigationInSwiftUITests.xctest */ = {isa = PBXFileReference; explicitFileType = wrapper.cfbundle; includeInIndex = 0; path = NavigationInSwiftUITests.xctest; sourceTree = BUILT_PRODUCTS_DIR; };
		F54BC82B284D0F16006711CD /* NavigationInSwiftUITests.swift */ = {isa = PBXFileReference; lastKnownFileType = sourcecode.swift; path = NavigationInSwiftUITests.swift; sourceTree = "<group>"; };
		F54BC831284D0F16006711CD /* NavigationInSwiftUIUITests.xctest */ = {isa = PBXFileReference; explicitFileType = wrapper.cfbundle; includeInIndex = 0; path = NavigationInSwiftUIUITests.xctest; sourceTree = BUILT_PRODUCTS_DIR; };
		F54BC835284D0F16006711CD /* NavigationInSwiftUIUITests.swift */ = {isa = PBXFileReference; lastKnownFileType = sourcecode.swift; path = NavigationInSwiftUIUITests.swift; sourceTree = "<group>"; };
		F54BC837284D0F16006711CD /* NavigationInSwiftUIUITestsLaunchTests.swift */ = {isa = PBXFileReference; lastKnownFileType = sourcecode.swift; path = NavigationInSwiftUIUITestsLaunchTests.swift; sourceTree = "<group>"; };
		F587E5DC284FDB98005D1A99 /* AppCoordinator.swift */ = {isa = PBXFileReference; lastKnownFileType = sourcecode.swift; path = AppCoordinator.swift; sourceTree = "<group>"; };
		F587E5DE284FDC8F005D1A99 /* OnboardingCoordinator.swift */ = {isa = PBXFileReference; lastKnownFileType = sourcecode.swift; path = OnboardingCoordinator.swift; sourceTree = "<group>"; };
		F587E5E0284FDCB1005D1A99 /* SignedInCoordinator.swift */ = {isa = PBXFileReference; lastKnownFileType = sourcecode.swift; path = SignedInCoordinator.swift; sourceTree = "<group>"; };
		F587E5E4284FE06C005D1A99 /* WelcomeView.swift */ = {isa = PBXFileReference; lastKnownFileType = sourcecode.swift; path = WelcomeView.swift; sourceTree = "<group>"; };
		F587E5E6284FE095005D1A99 /* WelcomeViewModel.swift */ = {isa = PBXFileReference; lastKnownFileType = sourcecode.swift; path = WelcomeViewModel.swift; sourceTree = "<group>"; };
		F587E5E8284FE0B1005D1A99 /* TermsOfServiceViewModel.swift */ = {isa = PBXFileReference; lastKnownFileType = sourcecode.swift; path = TermsOfServiceViewModel.swift; sourceTree = "<group>"; };
		F587E5EA284FE0B8005D1A99 /* TermsOfServiceView.swift */ = {isa = PBXFileReference; lastKnownFileType = sourcecode.swift; path = TermsOfServiceView.swift; sourceTree = "<group>"; };
		F587E5EC284FE0C4005D1A99 /* CredentialsViewModel.swift */ = {isa = PBXFileReference; lastKnownFileType = sourcecode.swift; path = CredentialsViewModel.swift; sourceTree = "<group>"; };
		F587E5EE284FE0CE005D1A99 /* CredentialsView.swift */ = {isa = PBXFileReference; lastKnownFileType = sourcecode.swift; path = CredentialsView.swift; sourceTree = "<group>"; };
		F587E5F3284FE115005D1A99 /* PersonalInfoView.swift */ = {isa = PBXFileReference; lastKnownFileType = sourcecode.swift; path = PersonalInfoView.swift; sourceTree = "<group>"; };
		F587E5F5284FE120005D1A99 /* PersonalInfoViewModel.swift */ = {isa = PBXFileReference; lastKnownFileType = sourcecode.swift; path = PersonalInfoViewModel.swift; sourceTree = "<group>"; };
		F587E5F7284FE13B005D1A99 /* NewPinView.swift */ = {isa = PBXFileReference; lastKnownFileType = sourcecode.swift; path = NewPinView.swift; sourceTree = "<group>"; };
		F587E5FA284FE14C005D1A99 /* NewPinViewModel.swift */ = {isa = PBXFileReference; lastKnownFileType = sourcecode.swift; path = NewPinViewModel.swift; sourceTree = "<group>"; };
		F587E5FE284FE196005D1A99 /* ConfirmPinView.swift */ = {isa = PBXFileReference; lastKnownFileType = sourcecode.swift; path = ConfirmPinView.swift; sourceTree = "<group>"; };
		F587E600284FE1A0005D1A99 /* ConfirmPinViewModel.swift */ = {isa = PBXFileReference; lastKnownFileType = sourcecode.swift; path = ConfirmPinViewModel.swift; sourceTree = "<group>"; };
		F587E604284FE925005D1A99 /* MainView.swift */ = {isa = PBXFileReference; lastKnownFileType = sourcecode.swift; path = MainView.swift; sourceTree = "<group>"; };
		F587E606284FE935005D1A99 /* MainViewModel.swift */ = {isa = PBXFileReference; lastKnownFileType = sourcecode.swift; path = MainViewModel.swift; sourceTree = "<group>"; };
/* End PBXFileReference section */

/* Begin PBXFrameworksBuildPhase section */
		F54BC814284D0F16006711CD /* Frameworks */ = {
			isa = PBXFrameworksBuildPhase;
			buildActionMask = 2147483647;
			files = (
				F587E5DB284F8309005D1A99 /* FlowStacks in Frameworks */,
			);
			runOnlyForDeploymentPostprocessing = 0;
		};
		F54BC824284D0F16006711CD /* Frameworks */ = {
			isa = PBXFrameworksBuildPhase;
			buildActionMask = 2147483647;
			files = (
			);
			runOnlyForDeploymentPostprocessing = 0;
		};
		F54BC82E284D0F16006711CD /* Frameworks */ = {
			isa = PBXFrameworksBuildPhase;
			buildActionMask = 2147483647;
			files = (
			);
			runOnlyForDeploymentPostprocessing = 0;
		};
/* End PBXFrameworksBuildPhase section */

/* Begin PBXGroup section */
		F54BC80E284D0F16006711CD = {
			isa = PBXGroup;
			children = (
				F54BC819284D0F16006711CD /* NavigationInSwiftUI */,
				F54BC82A284D0F16006711CD /* NavigationInSwiftUITests */,
				F54BC834284D0F16006711CD /* NavigationInSwiftUIUITests */,
				F54BC818284D0F16006711CD /* Products */,
			);
			sourceTree = "<group>";
		};
		F54BC818284D0F16006711CD /* Products */ = {
			isa = PBXGroup;
			children = (
				F54BC817284D0F16006711CD /* NavigationInSwiftUI.app */,
				F54BC827284D0F16006711CD /* NavigationInSwiftUITests.xctest */,
				F54BC831284D0F16006711CD /* NavigationInSwiftUIUITests.xctest */,
			);
			name = Products;
			sourceTree = "<group>";
		};
		F54BC819284D0F16006711CD /* NavigationInSwiftUI */ = {
			isa = PBXGroup;
			children = (
				F587E602284FE1AA005D1A99 /* Coordinators */,
				F587E5E3284FE051005D1A99 /* Views */,
				F54BC81A284D0F16006711CD /* NavigationInSwiftUIApp.swift */,
				F54BC81E284D0F16006711CD /* Assets.xcassets */,
				F54BC820284D0F16006711CD /* Preview Content */,
			);
			path = NavigationInSwiftUI;
			sourceTree = "<group>";
		};
		F54BC820284D0F16006711CD /* Preview Content */ = {
			isa = PBXGroup;
			children = (
				F54BC821284D0F16006711CD /* Preview Assets.xcassets */,
			);
			path = "Preview Content";
			sourceTree = "<group>";
		};
		F54BC82A284D0F16006711CD /* NavigationInSwiftUITests */ = {
			isa = PBXGroup;
			children = (
				F54BC82B284D0F16006711CD /* NavigationInSwiftUITests.swift */,
			);
			path = NavigationInSwiftUITests;
			sourceTree = "<group>";
		};
		F54BC834284D0F16006711CD /* NavigationInSwiftUIUITests */ = {
			isa = PBXGroup;
			children = (
				F54BC835284D0F16006711CD /* NavigationInSwiftUIUITests.swift */,
				F54BC837284D0F16006711CD /* NavigationInSwiftUIUITestsLaunchTests.swift */,
			);
			path = NavigationInSwiftUIUITests;
			sourceTree = "<group>";
		};
		F587E5E3284FE051005D1A99 /* Views */ = {
			isa = PBXGroup;
			children = (
				F587E5F1284FE0E3005D1A99 /* Welcome */,
				F587E5F2284FE0E9005D1A99 /* TermsOfService */,
				F587E5F0284FE0D9005D1A99 /* Credentials */,
				F587E5F9284FE13E005D1A99 /* NewPin */,
				F587E5FD284FE186005D1A99 /* ConfirmPin */,
				F587E5FC284FE172005D1A99 /* PersonalInfo */,
				F587E603284FE91B005D1A99 /* Main */,
			);
			path = Views;
			sourceTree = "<group>";
		};
		F587E5F0284FE0D9005D1A99 /* Credentials */ = {
			isa = PBXGroup;
			children = (
				F587E5EC284FE0C4005D1A99 /* CredentialsViewModel.swift */,
				F587E5EE284FE0CE005D1A99 /* CredentialsView.swift */,
			);
			path = Credentials;
			sourceTree = "<group>";
		};
		F587E5F1284FE0E3005D1A99 /* Welcome */ = {
			isa = PBXGroup;
			children = (
				F587E5E4284FE06C005D1A99 /* WelcomeView.swift */,
				F587E5E6284FE095005D1A99 /* WelcomeViewModel.swift */,
			);
			path = Welcome;
			sourceTree = "<group>";
		};
		F587E5F2284FE0E9005D1A99 /* TermsOfService */ = {
			isa = PBXGroup;
			children = (
				F587E5E8284FE0B1005D1A99 /* TermsOfServiceViewModel.swift */,
				F587E5EA284FE0B8005D1A99 /* TermsOfServiceView.swift */,
			);
			path = TermsOfService;
			sourceTree = "<group>";
		};
		F587E5F9284FE13E005D1A99 /* NewPin */ = {
			isa = PBXGroup;
			children = (
				F587E5F7284FE13B005D1A99 /* NewPinView.swift */,
				F587E5FA284FE14C005D1A99 /* NewPinViewModel.swift */,
			);
			path = NewPin;
			sourceTree = "<group>";
		};
		F587E5FC284FE172005D1A99 /* PersonalInfo */ = {
			isa = PBXGroup;
			children = (
				F587E5F3284FE115005D1A99 /* PersonalInfoView.swift */,
				F587E5F5284FE120005D1A99 /* PersonalInfoViewModel.swift */,
			);
			path = PersonalInfo;
			sourceTree = "<group>";
		};
		F587E5FD284FE186005D1A99 /* ConfirmPin */ = {
			isa = PBXGroup;
			children = (
				F587E5FE284FE196005D1A99 /* ConfirmPinView.swift */,
				F587E600284FE1A0005D1A99 /* ConfirmPinViewModel.swift */,
			);
			path = ConfirmPin;
			sourceTree = "<group>";
		};
		F587E602284FE1AA005D1A99 /* Coordinators */ = {
			isa = PBXGroup;
			children = (
				F587E5DC284FDB98005D1A99 /* AppCoordinator.swift */,
				F587E5DE284FDC8F005D1A99 /* OnboardingCoordinator.swift */,
				F587E5E0284FDCB1005D1A99 /* SignedInCoordinator.swift */,
			);
			path = Coordinators;
			sourceTree = "<group>";
		};
		F587E603284FE91B005D1A99 /* Main */ = {
			isa = PBXGroup;
			children = (
				F587E604284FE925005D1A99 /* MainView.swift */,
				F587E606284FE935005D1A99 /* MainViewModel.swift */,
			);
			path = Main;
			sourceTree = "<group>";
		};
/* End PBXGroup section */

/* Begin PBXNativeTarget section */
		F54BC816284D0F16006711CD /* NavigationInSwiftUI */ = {
			isa = PBXNativeTarget;
			buildConfigurationList = F54BC83B284D0F16006711CD /* Build configuration list for PBXNativeTarget "NavigationInSwiftUI" */;
			buildPhases = (
				F54BC813284D0F16006711CD /* Sources */,
				F54BC814284D0F16006711CD /* Frameworks */,
				F54BC815284D0F16006711CD /* Resources */,
			);
			buildRules = (
			);
			dependencies = (
			);
			name = NavigationInSwiftUI;
			packageProductDependencies = (
				F587E5DA284F8309005D1A99 /* FlowStacks */,
			);
			productName = NavigationInSwiftUI;
			productReference = F54BC817284D0F16006711CD /* NavigationInSwiftUI.app */;
			productType = "com.apple.product-type.application";
		};
		F54BC826284D0F16006711CD /* NavigationInSwiftUITests */ = {
			isa = PBXNativeTarget;
			buildConfigurationList = F54BC83E284D0F16006711CD /* Build configuration list for PBXNativeTarget "NavigationInSwiftUITests" */;
			buildPhases = (
				F54BC823284D0F16006711CD /* Sources */,
				F54BC824284D0F16006711CD /* Frameworks */,
				F54BC825284D0F16006711CD /* Resources */,
			);
			buildRules = (
			);
			dependencies = (
				F54BC829284D0F16006711CD /* PBXTargetDependency */,
			);
			name = NavigationInSwiftUITests;
			productName = NavigationInSwiftUITests;
			productReference = F54BC827284D0F16006711CD /* NavigationInSwiftUITests.xctest */;
			productType = "com.apple.product-type.bundle.unit-test";
		};
		F54BC830284D0F16006711CD /* NavigationInSwiftUIUITests */ = {
			isa = PBXNativeTarget;
			buildConfigurationList = F54BC841284D0F16006711CD /* Build configuration list for PBXNativeTarget "NavigationInSwiftUIUITests" */;
			buildPhases = (
				F54BC82D284D0F16006711CD /* Sources */,
				F54BC82E284D0F16006711CD /* Frameworks */,
				F54BC82F284D0F16006711CD /* Resources */,
			);
			buildRules = (
			);
			dependencies = (
				F54BC833284D0F16006711CD /* PBXTargetDependency */,
			);
			name = NavigationInSwiftUIUITests;
			productName = NavigationInSwiftUIUITests;
			productReference = F54BC831284D0F16006711CD /* NavigationInSwiftUIUITests.xctest */;
			productType = "com.apple.product-type.bundle.ui-testing";
		};
/* End PBXNativeTarget section */

/* Begin PBXProject section */
		F54BC80F284D0F16006711CD /* Project object */ = {
			isa = PBXProject;
			attributes = {
				BuildIndependentTargetsInParallel = 1;
				LastSwiftUpdateCheck = 1320;
				LastUpgradeCheck = 1320;
				TargetAttributes = {
					F54BC816284D0F16006711CD = {
						CreatedOnToolsVersion = 13.2.1;
					};
					F54BC826284D0F16006711CD = {
						CreatedOnToolsVersion = 13.2.1;
						TestTargetID = F54BC816284D0F16006711CD;
					};
					F54BC830284D0F16006711CD = {
						CreatedOnToolsVersion = 13.2.1;
						TestTargetID = F54BC816284D0F16006711CD;
					};
				};
			};
			buildConfigurationList = F54BC812284D0F16006711CD /* Build configuration list for PBXProject "NavigationInSwiftUI" */;
			compatibilityVersion = "Xcode 13.0";
			developmentRegion = en;
			hasScannedForEncodings = 0;
			knownRegions = (
				en,
				Base,
			);
			mainGroup = F54BC80E284D0F16006711CD;
			packageReferences = (
				F587E5D9284F8309005D1A99 /* XCRemoteSwiftPackageReference "FlowStacks" */,
			);
			productRefGroup = F54BC818284D0F16006711CD /* Products */;
			projectDirPath = "";
			projectRoot = "";
			targets = (
				F54BC816284D0F16006711CD /* NavigationInSwiftUI */,
				F54BC826284D0F16006711CD /* NavigationInSwiftUITests */,
				F54BC830284D0F16006711CD /* NavigationInSwiftUIUITests */,
			);
		};
/* End PBXProject section */

/* Begin PBXResourcesBuildPhase section */
		F54BC815284D0F16006711CD /* Resources */ = {
			isa = PBXResourcesBuildPhase;
			buildActionMask = 2147483647;
			files = (
				F54BC822284D0F16006711CD /* Preview Assets.xcassets in Resources */,
				F54BC81F284D0F16006711CD /* Assets.xcassets in Resources */,
			);
			runOnlyForDeploymentPostprocessing = 0;
		};
		F54BC825284D0F16006711CD /* Resources */ = {
			isa = PBXResourcesBuildPhase;
			buildActionMask = 2147483647;
			files = (
			);
			runOnlyForDeploymentPostprocessing = 0;
		};
		F54BC82F284D0F16006711CD /* Resources */ = {
			isa = PBXResourcesBuildPhase;
			buildActionMask = 2147483647;
			files = (
			);
			runOnlyForDeploymentPostprocessing = 0;
		};
/* End PBXResourcesBuildPhase section */

/* Begin PBXSourcesBuildPhase section */
		F54BC813284D0F16006711CD /* Sources */ = {
			isa = PBXSourcesBuildPhase;
			buildActionMask = 2147483647;
			files = (
				F587E5F4284FE115005D1A99 /* PersonalInfoView.swift in Sources */,
				F587E601284FE1A0005D1A99 /* ConfirmPinViewModel.swift in Sources */,
				F587E5E1284FDCB1005D1A99 /* SignedInCoordinator.swift in Sources */,
				F587E5E5284FE06C005D1A99 /* WelcomeView.swift in Sources */,
				F587E5DD284FDB98005D1A99 /* AppCoordinator.swift in Sources */,
				F587E5E7284FE095005D1A99 /* WelcomeViewModel.swift in Sources */,
				F587E5F6284FE120005D1A99 /* PersonalInfoViewModel.swift in Sources */,
				F587E5FB284FE14C005D1A99 /* NewPinViewModel.swift in Sources */,
				F587E5DF284FDC8F005D1A99 /* OnboardingCoordinator.swift in Sources */,
				F587E5F8284FE13B005D1A99 /* NewPinView.swift in Sources */,
				F587E5ED284FE0C4005D1A99 /* CredentialsViewModel.swift in Sources */,
				F587E605284FE925005D1A99 /* MainView.swift in Sources */,
				F587E5E9284FE0B1005D1A99 /* TermsOfServiceViewModel.swift in Sources */,
				F54BC81B284D0F16006711CD /* NavigationInSwiftUIApp.swift in Sources */,
				F587E5EB284FE0B8005D1A99 /* TermsOfServiceView.swift in Sources */,
				F587E5EF284FE0CF005D1A99 /* CredentialsView.swift in Sources */,
				F587E5FF284FE196005D1A99 /* ConfirmPinView.swift in Sources */,
				F587E607284FE935005D1A99 /* MainViewModel.swift in Sources */,
			);
			runOnlyForDeploymentPostprocessing = 0;
		};
		F54BC823284D0F16006711CD /* Sources */ = {
			isa = PBXSourcesBuildPhase;
			buildActionMask = 2147483647;
			files = (
				F54BC82C284D0F16006711CD /* NavigationInSwiftUITests.swift in Sources */,
			);
			runOnlyForDeploymentPostprocessing = 0;
		};
		F54BC82D284D0F16006711CD /* Sources */ = {
			isa = PBXSourcesBuildPhase;
			buildActionMask = 2147483647;
			files = (
				F54BC836284D0F16006711CD /* NavigationInSwiftUIUITests.swift in Sources */,
				F54BC838284D0F16006711CD /* NavigationInSwiftUIUITestsLaunchTests.swift in Sources */,
			);
			runOnlyForDeploymentPostprocessing = 0;
		};
/* End PBXSourcesBuildPhase section */

/* Begin PBXTargetDependency section */
		F54BC829284D0F16006711CD /* PBXTargetDependency */ = {
			isa = PBXTargetDependency;
			target = F54BC816284D0F16006711CD /* NavigationInSwiftUI */;
			targetProxy = F54BC828284D0F16006711CD /* PBXContainerItemProxy */;
		};
		F54BC833284D0F16006711CD /* PBXTargetDependency */ = {
			isa = PBXTargetDependency;
			target = F54BC816284D0F16006711CD /* NavigationInSwiftUI */;
			targetProxy = F54BC832284D0F16006711CD /* PBXContainerItemProxy */;
		};
/* End PBXTargetDependency section */

/* Begin XCBuildConfiguration section */
		F54BC839284D0F16006711CD /* Debug */ = {
			isa = XCBuildConfiguration;
			buildSettings = {
				ALWAYS_SEARCH_USER_PATHS = NO;
				CLANG_ANALYZER_NONNULL = YES;
				CLANG_ANALYZER_NUMBER_OBJECT_CONVERSION = YES_AGGRESSIVE;
				CLANG_CXX_LANGUAGE_STANDARD = "gnu++17";
				CLANG_CXX_LIBRARY = "libc++";
				CLANG_ENABLE_MODULES = YES;
				CLANG_ENABLE_OBJC_ARC = YES;
				CLANG_ENABLE_OBJC_WEAK = YES;
				CLANG_WARN_BLOCK_CAPTURE_AUTORELEASING = YES;
				CLANG_WARN_BOOL_CONVERSION = YES;
				CLANG_WARN_COMMA = YES;
				CLANG_WARN_CONSTANT_CONVERSION = YES;
				CLANG_WARN_DEPRECATED_OBJC_IMPLEMENTATIONS = YES;
				CLANG_WARN_DIRECT_OBJC_ISA_USAGE = YES_ERROR;
				CLANG_WARN_DOCUMENTATION_COMMENTS = YES;
				CLANG_WARN_EMPTY_BODY = YES;
				CLANG_WARN_ENUM_CONVERSION = YES;
				CLANG_WARN_INFINITE_RECURSION = YES;
				CLANG_WARN_INT_CONVERSION = YES;
				CLANG_WARN_NON_LITERAL_NULL_CONVERSION = YES;
				CLANG_WARN_OBJC_IMPLICIT_RETAIN_SELF = YES;
				CLANG_WARN_OBJC_LITERAL_CONVERSION = YES;
				CLANG_WARN_OBJC_ROOT_CLASS = YES_ERROR;
				CLANG_WARN_QUOTED_INCLUDE_IN_FRAMEWORK_HEADER = YES;
				CLANG_WARN_RANGE_LOOP_ANALYSIS = YES;
				CLANG_WARN_STRICT_PROTOTYPES = YES;
				CLANG_WARN_SUSPICIOUS_MOVE = YES;
				CLANG_WARN_UNGUARDED_AVAILABILITY = YES_AGGRESSIVE;
				CLANG_WARN_UNREACHABLE_CODE = YES;
				CLANG_WARN__DUPLICATE_METHOD_MATCH = YES;
				COPY_PHASE_STRIP = NO;
				DEBUG_INFORMATION_FORMAT = dwarf;
				ENABLE_STRICT_OBJC_MSGSEND = YES;
				ENABLE_TESTABILITY = YES;
				GCC_C_LANGUAGE_STANDARD = gnu11;
				GCC_DYNAMIC_NO_PIC = NO;
				GCC_NO_COMMON_BLOCKS = YES;
				GCC_OPTIMIZATION_LEVEL = 0;
				GCC_PREPROCESSOR_DEFINITIONS = (
					"DEBUG=1",
					"$(inherited)",
				);
				GCC_WARN_64_TO_32_BIT_CONVERSION = YES;
				GCC_WARN_ABOUT_RETURN_TYPE = YES_ERROR;
				GCC_WARN_UNDECLARED_SELECTOR = YES;
				GCC_WARN_UNINITIALIZED_AUTOS = YES_AGGRESSIVE;
				GCC_WARN_UNUSED_FUNCTION = YES;
				GCC_WARN_UNUSED_VARIABLE = YES;
				IPHONEOS_DEPLOYMENT_TARGET = 15.2;
				MTL_ENABLE_DEBUG_INFO = INCLUDE_SOURCE;
				MTL_FAST_MATH = YES;
				ONLY_ACTIVE_ARCH = YES;
				SDKROOT = iphoneos;
				SWIFT_ACTIVE_COMPILATION_CONDITIONS = DEBUG;
				SWIFT_OPTIMIZATION_LEVEL = "-Onone";
			};
			name = Debug;
		};
		F54BC83A284D0F16006711CD /* Release */ = {
			isa = XCBuildConfiguration;
			buildSettings = {
				ALWAYS_SEARCH_USER_PATHS = NO;
				CLANG_ANALYZER_NONNULL = YES;
				CLANG_ANALYZER_NUMBER_OBJECT_CONVERSION = YES_AGGRESSIVE;
				CLANG_CXX_LANGUAGE_STANDARD = "gnu++17";
				CLANG_CXX_LIBRARY = "libc++";
				CLANG_ENABLE_MODULES = YES;
				CLANG_ENABLE_OBJC_ARC = YES;
				CLANG_ENABLE_OBJC_WEAK = YES;
				CLANG_WARN_BLOCK_CAPTURE_AUTORELEASING = YES;
				CLANG_WARN_BOOL_CONVERSION = YES;
				CLANG_WARN_COMMA = YES;
				CLANG_WARN_CONSTANT_CONVERSION = YES;
				CLANG_WARN_DEPRECATED_OBJC_IMPLEMENTATIONS = YES;
				CLANG_WARN_DIRECT_OBJC_ISA_USAGE = YES_ERROR;
				CLANG_WARN_DOCUMENTATION_COMMENTS = YES;
				CLANG_WARN_EMPTY_BODY = YES;
				CLANG_WARN_ENUM_CONVERSION = YES;
				CLANG_WARN_INFINITE_RECURSION = YES;
				CLANG_WARN_INT_CONVERSION = YES;
				CLANG_WARN_NON_LITERAL_NULL_CONVERSION = YES;
				CLANG_WARN_OBJC_IMPLICIT_RETAIN_SELF = YES;
				CLANG_WARN_OBJC_LITERAL_CONVERSION = YES;
				CLANG_WARN_OBJC_ROOT_CLASS = YES_ERROR;
				CLANG_WARN_QUOTED_INCLUDE_IN_FRAMEWORK_HEADER = YES;
				CLANG_WARN_RANGE_LOOP_ANALYSIS = YES;
				CLANG_WARN_STRICT_PROTOTYPES = YES;
				CLANG_WARN_SUSPICIOUS_MOVE = YES;
				CLANG_WARN_UNGUARDED_AVAILABILITY = YES_AGGRESSIVE;
				CLANG_WARN_UNREACHABLE_CODE = YES;
				CLANG_WARN__DUPLICATE_METHOD_MATCH = YES;
				COPY_PHASE_STRIP = NO;
				DEBUG_INFORMATION_FORMAT = "dwarf-with-dsym";
				ENABLE_NS_ASSERTIONS = NO;
				ENABLE_STRICT_OBJC_MSGSEND = YES;
				GCC_C_LANGUAGE_STANDARD = gnu11;
				GCC_NO_COMMON_BLOCKS = YES;
				GCC_WARN_64_TO_32_BIT_CONVERSION = YES;
				GCC_WARN_ABOUT_RETURN_TYPE = YES_ERROR;
				GCC_WARN_UNDECLARED_SELECTOR = YES;
				GCC_WARN_UNINITIALIZED_AUTOS = YES_AGGRESSIVE;
				GCC_WARN_UNUSED_FUNCTION = YES;
				GCC_WARN_UNUSED_VARIABLE = YES;
				IPHONEOS_DEPLOYMENT_TARGET = 15.2;
				MTL_ENABLE_DEBUG_INFO = NO;
				MTL_FAST_MATH = YES;
				SDKROOT = iphoneos;
				SWIFT_COMPILATION_MODE = wholemodule;
				SWIFT_OPTIMIZATION_LEVEL = "-O";
				VALIDATE_PRODUCT = YES;
			};
			name = Release;
		};
		F54BC83C284D0F16006711CD /* Debug */ = {
			isa = XCBuildConfiguration;
			buildSettings = {
				ASSETCATALOG_COMPILER_APPICON_NAME = AppIcon;
				ASSETCATALOG_COMPILER_GLOBAL_ACCENT_COLOR_NAME = AccentColor;
				CODE_SIGN_STYLE = Automatic;
				CURRENT_PROJECT_VERSION = 1;
				DEVELOPMENT_ASSET_PATHS = "\"NavigationInSwiftUI/Preview Content\"";
				DEVELOPMENT_TEAM = R4HB77MPTW;
				ENABLE_PREVIEWS = YES;
				GENERATE_INFOPLIST_FILE = YES;
				INFOPLIST_KEY_UIApplicationSceneManifest_Generation = YES;
				INFOPLIST_KEY_UIApplicationSupportsIndirectInputEvents = YES;
				INFOPLIST_KEY_UILaunchScreen_Generation = YES;
				INFOPLIST_KEY_UISupportedInterfaceOrientations_iPad = "UIInterfaceOrientationPortrait UIInterfaceOrientationPortraitUpsideDown UIInterfaceOrientationLandscapeLeft UIInterfaceOrientationLandscapeRight";
				INFOPLIST_KEY_UISupportedInterfaceOrientations_iPhone = "UIInterfaceOrientationPortrait UIInterfaceOrientationLandscapeLeft UIInterfaceOrientationLandscapeRight";
				LD_RUNPATH_SEARCH_PATHS = (
					"$(inherited)",
					"@executable_path/Frameworks",
				);
				MARKETING_VERSION = 1.0;
				PRODUCT_BUNDLE_IDENTIFIER = com.kwcodes.NavigationInSwiftUI;
				PRODUCT_NAME = "$(TARGET_NAME)";
				SWIFT_EMIT_LOC_STRINGS = YES;
				SWIFT_VERSION = 5.0;
				TARGETED_DEVICE_FAMILY = "1,2";
			};
			name = Debug;
		};
		F54BC83D284D0F16006711CD /* Release */ = {
			isa = XCBuildConfiguration;
			buildSettings = {
				ASSETCATALOG_COMPILER_APPICON_NAME = AppIcon;
				ASSETCATALOG_COMPILER_GLOBAL_ACCENT_COLOR_NAME = AccentColor;
				CODE_SIGN_STYLE = Automatic;
				CURRENT_PROJECT_VERSION = 1;
				DEVELOPMENT_ASSET_PATHS = "\"NavigationInSwiftUI/Preview Content\"";
				DEVELOPMENT_TEAM = R4HB77MPTW;
				ENABLE_PREVIEWS = YES;
				GENERATE_INFOPLIST_FILE = YES;
				INFOPLIST_KEY_UIApplicationSceneManifest_Generation = YES;
				INFOPLIST_KEY_UIApplicationSupportsIndirectInputEvents = YES;
				INFOPLIST_KEY_UILaunchScreen_Generation = YES;
				INFOPLIST_KEY_UISupportedInterfaceOrientations_iPad = "UIInterfaceOrientationPortrait UIInterfaceOrientationPortraitUpsideDown UIInterfaceOrientationLandscapeLeft UIInterfaceOrientationLandscapeRight";
				INFOPLIST_KEY_UISupportedInterfaceOrientations_iPhone = "UIInterfaceOrientationPortrait UIInterfaceOrientationLandscapeLeft UIInterfaceOrientationLandscapeRight";
				LD_RUNPATH_SEARCH_PATHS = (
					"$(inherited)",
					"@executable_path/Frameworks",
				);
				MARKETING_VERSION = 1.0;
				PRODUCT_BUNDLE_IDENTIFIER = com.kwcodes.NavigationInSwiftUI;
				PRODUCT_NAME = "$(TARGET_NAME)";
				SWIFT_EMIT_LOC_STRINGS = YES;
				SWIFT_VERSION = 5.0;
				TARGETED_DEVICE_FAMILY = "1,2";
			};
			name = Release;
		};
		F54BC83F284D0F16006711CD /* Debug */ = {
			isa = XCBuildConfiguration;
			buildSettings = {
				ALWAYS_EMBED_SWIFT_STANDARD_LIBRARIES = YES;
				BUNDLE_LOADER = "$(TEST_HOST)";
				CODE_SIGN_STYLE = Automatic;
				CURRENT_PROJECT_VERSION = 1;
				DEVELOPMENT_TEAM = R4HB77MPTW;
				GENERATE_INFOPLIST_FILE = YES;
				IPHONEOS_DEPLOYMENT_TARGET = 15.2;
				MARKETING_VERSION = 1.0;
				PRODUCT_BUNDLE_IDENTIFIER = com.kwcodes.NavigationInSwiftUITests;
				PRODUCT_NAME = "$(TARGET_NAME)";
				SWIFT_EMIT_LOC_STRINGS = NO;
				SWIFT_VERSION = 5.0;
				TARGETED_DEVICE_FAMILY = "1,2";
				TEST_HOST = "$(BUILT_PRODUCTS_DIR)/NavigationInSwiftUI.app/NavigationInSwiftUI";
			};
			name = Debug;
		};
		F54BC840284D0F16006711CD /* Release */ = {
			isa = XCBuildConfiguration;
			buildSettings = {
				ALWAYS_EMBED_SWIFT_STANDARD_LIBRARIES = YES;
				BUNDLE_LOADER = "$(TEST_HOST)";
				CODE_SIGN_STYLE = Automatic;
				CURRENT_PROJECT_VERSION = 1;
				DEVELOPMENT_TEAM = R4HB77MPTW;
				GENERATE_INFOPLIST_FILE = YES;
				IPHONEOS_DEPLOYMENT_TARGET = 15.2;
				MARKETING_VERSION = 1.0;
				PRODUCT_BUNDLE_IDENTIFIER = com.kwcodes.NavigationInSwiftUITests;
				PRODUCT_NAME = "$(TARGET_NAME)";
				SWIFT_EMIT_LOC_STRINGS = NO;
				SWIFT_VERSION = 5.0;
				TARGETED_DEVICE_FAMILY = "1,2";
				TEST_HOST = "$(BUILT_PRODUCTS_DIR)/NavigationInSwiftUI.app/NavigationInSwiftUI";
			};
			name = Release;
		};
		F54BC842284D0F16006711CD /* Debug */ = {
			isa = XCBuildConfiguration;
			buildSettings = {
				ALWAYS_EMBED_SWIFT_STANDARD_LIBRARIES = YES;
				CODE_SIGN_STYLE = Automatic;
				CURRENT_PROJECT_VERSION = 1;
				DEVELOPMENT_TEAM = R4HB77MPTW;
				GENERATE_INFOPLIST_FILE = YES;
				MARKETING_VERSION = 1.0;
				PRODUCT_BUNDLE_IDENTIFIER = com.kwcodes.NavigationInSwiftUIUITests;
				PRODUCT_NAME = "$(TARGET_NAME)";
				SWIFT_EMIT_LOC_STRINGS = NO;
				SWIFT_VERSION = 5.0;
				TARGETED_DEVICE_FAMILY = "1,2";
				TEST_TARGET_NAME = NavigationInSwiftUI;
			};
			name = Debug;
		};
		F54BC843284D0F16006711CD /* Release */ = {
			isa = XCBuildConfiguration;
			buildSettings = {
				ALWAYS_EMBED_SWIFT_STANDARD_LIBRARIES = YES;
				CODE_SIGN_STYLE = Automatic;
				CURRENT_PROJECT_VERSION = 1;
				DEVELOPMENT_TEAM = R4HB77MPTW;
				GENERATE_INFOPLIST_FILE = YES;
				MARKETING_VERSION = 1.0;
				PRODUCT_BUNDLE_IDENTIFIER = com.kwcodes.NavigationInSwiftUIUITests;
				PRODUCT_NAME = "$(TARGET_NAME)";
				SWIFT_EMIT_LOC_STRINGS = NO;
				SWIFT_VERSION = 5.0;
				TARGETED_DEVICE_FAMILY = "1,2";
				TEST_TARGET_NAME = NavigationInSwiftUI;
			};
			name = Release;
		};
/* End XCBuildConfiguration section */

/* Begin XCConfigurationList section */
		F54BC812284D0F16006711CD /* Build configuration list for PBXProject "NavigationInSwiftUI" */ = {
			isa = XCConfigurationList;
			buildConfigurations = (
				F54BC839284D0F16006711CD /* Debug */,
				F54BC83A284D0F16006711CD /* Release */,
			);
			defaultConfigurationIsVisible = 0;
			defaultConfigurationName = Release;
		};
		F54BC83B284D0F16006711CD /* Build configuration list for PBXNativeTarget "NavigationInSwiftUI" */ = {
			isa = XCConfigurationList;
			buildConfigurations = (
				F54BC83C284D0F16006711CD /* Debug */,
				F54BC83D284D0F16006711CD /* Release */,
			);
			defaultConfigurationIsVisible = 0;
			defaultConfigurationName = Release;
		};
		F54BC83E284D0F16006711CD /* Build configuration list for PBXNativeTarget "NavigationInSwiftUITests" */ = {
			isa = XCConfigurationList;
			buildConfigurations = (
				F54BC83F284D0F16006711CD /* Debug */,
				F54BC840284D0F16006711CD /* Release */,
			);
			defaultConfigurationIsVisible = 0;
			defaultConfigurationName = Release;
		};
		F54BC841284D0F16006711CD /* Build configuration list for PBXNativeTarget "NavigationInSwiftUIUITests" */ = {
			isa = XCConfigurationList;
			buildConfigurations = (
				F54BC842284D0F16006711CD /* Debug */,
				F54BC843284D0F16006711CD /* Release */,
			);
			defaultConfigurationIsVisible = 0;
			defaultConfigurationName = Release;
		};
/* End XCConfigurationList section */

/* Begin XCRemoteSwiftPackageReference section */
		F587E5D9284F8309005D1A99 /* XCRemoteSwiftPackageReference "FlowStacks" */ = {
			isa = XCRemoteSwiftPackageReference;
			repositoryURL = "https://github.com/johnpatrickmorgan/FlowStacks";
			requirement = {
				kind = exactVersion;
				version = 0.2.2;
			};
		};
/* End XCRemoteSwiftPackageReference section */

/* Begin XCSwiftPackageProductDependency section */
		F587E5DA284F8309005D1A99 /* FlowStacks */ = {
			isa = XCSwiftPackageProductDependency;
			package = F587E5D9284F8309005D1A99 /* XCRemoteSwiftPackageReference "FlowStacks" */;
			productName = FlowStacks;
		};
/* End XCSwiftPackageProductDependency section */
	};
	rootObject = F54BC80F284D0F16006711CD /* Project object */;
}
